
Microsoft Visual Studio Solution File, Format Version 12.00
# Visual Studio 15
VisualStudioVersion = 15.0.27130.2010
MinimumVisualStudioVersion = 10.0.40219.1
Project("{FAE04EC0-301F-11D3-BF4B-00C04F79EFBC}") = "CHIP-8_Emulator", "CHIP-8_Emulator\CHIP-8_Emulator.csproj", "{A8BE223D-6C6D-4398-8A16-899D43BE959C}"
EndProject
Global
	GlobalSection(SolutionConfigurationPlatforms) = preSolution
		Debug|Any CPU = Debug|Any CPU
		Release|Any CPU = Release|Any CPU
	EndGlobalSection
	GlobalSection(ProjectConfigurationPlatforms) = postSolution
		{A8BE223D-6C6D-4398-8A16-899D43BE959C}.Debug|Any CPU.ActiveCfg = Debug|Any CPU
		{A8BE223D-6C6D-4398-8A16-899D43BE959C}.Debug|Any CPU.Build.0 = Debug|Any CPU
		{A8BE223D-6C6D-4398-8A16-899D43BE959C}.Release|Any CPU.ActiveCfg = Release|Any CPU
		{A8BE223D-6C6D-4398-8A16-899D43BE959C}.Release|Any CPU.Build.0 = Release|Any CPU
	EndGlobalSection
	GlobalSection(SolutionProperties) = preSolution
		HideSolutionNode = FALSE
	EndGlobalSection
	GlobalSection(ExtensibilityGlobals) = postSolution
		SolutionGuid = {8EC7DC1A-714D-4007-9FFB-13CD747DD9E2}
	EndGlobalSection
EndGlobal
